// !$*UTF8*$!
{
	archiveVersion = 1;
	classes = {
	};
	objectVersion = 48;
	objects = {

/* Begin PBXBuildFile section */
		94930C75203528A50034104E /* AppDelegate.swift in Sources */ = {isa = PBXBuildFile; fileRef = 94930C74203528A50034104E /* AppDelegate.swift */; };
		94930C77203528A50034104E /* ViewController.swift in Sources */ = {isa = PBXBuildFile; fileRef = 94930C76203528A50034104E /* ViewController.swift */; };
		94930C7A203528A50034104E /* Main.storyboard in Resources */ = {isa = PBXBuildFile; fileRef = 94930C78203528A50034104E /* Main.storyboard */; };
		94930C7C203528A50034104E /* Assets.xcassets in Resources */ = {isa = PBXBuildFile; fileRef = 94930C7B203528A50034104E /* Assets.xcassets */; };
		94930C7F203528A50034104E /* LaunchScreen.storyboard in Resources */ = {isa = PBXBuildFile; fileRef = 94930C7D203528A50034104E /* LaunchScreen.storyboard */; };
		94930C8A203528A50034104E /* SambharwalA_ShoppingListTests.swift in Sources */ = {isa = PBXBuildFile; fileRef = 94930C89203528A50034104E /* SambharwalA_ShoppingListTests.swift */; };
		94930C95203528A50034104E /* SambharwalA_ShoppingListUITests.swift in Sources */ = {isa = PBXBuildFile; fileRef = 94930C94203528A50034104E /* SambharwalA_ShoppingListUITests.swift */; };
/* End PBXBuildFile section */

/* Begin PBXContainerItemProxy section */
		94930C86203528A50034104E /* PBXContainerItemProxy */ = {
			isa = PBXContainerItemProxy;
			containerPortal = 94930C69203528A50034104E /* Project object */;
			proxyType = 1;
			remoteGlobalIDString = 94930C70203528A50034104E;
			remoteInfo = SambharwalA_ShoppingList;
		};
		94930C91203528A50034104E /* PBXContainerItemProxy */ = {
			isa = PBXContainerItemProxy;
			containerPortal = 94930C69203528A50034104E /* Project object */;
			proxyType = 1;
			remoteGlobalIDString = 94930C70203528A50034104E;
			remoteInfo = SambharwalA_ShoppingList;
		};
/* End PBXContainerItemProxy section */

/* Begin PBXFileReference section */
		94930C71203528A50034104E /* SambharwalA_ShoppingList.app */ = {isa = PBXFileReference; explicitFileType = wrapper.application; includeInIndex = 0; path = SambharwalA_ShoppingList.app; sourceTree = BUILT_PRODUCTS_DIR; };
		94930C74203528A50034104E /* AppDelegate.swift */ = {isa = PBXFileReference; lastKnownFileType = sourcecode.swift; path = AppDelegate.swift; sourceTree = "<group>"; };
		94930C76203528A50034104E /* ViewController.swift */ = {isa = PBXFileReference; lastKnownFileType = sourcecode.swift; path = ViewController.swift; sourceTree = "<group>"; };
		94930C79203528A50034104E /* Base */ = {isa = PBXFileReference; lastKnownFileType = file.storyboard; name = Base; path = Base.lproj/Main.storyboard; sourceTree = "<group>"; };
		94930C7B203528A50034104E /* Assets.xcassets */ = {isa = PBXFileReference; lastKnownFileType = folder.assetcatalog; path = Assets.xcassets; sourceTree = "<group>"; };
		94930C7E203528A50034104E /* Base */ = {isa = PBXFileReference; lastKnownFileType = file.storyboard; name = Base; path = Base.lproj/LaunchScreen.storyboard; sourceTree = "<group>"; };
		94930C80203528A50034104E /* Info.plist */ = {isa = PBXFileReference; lastKnownFileType = text.plist.xml; path = Info.plist; sourceTree = "<group>"; };
		94930C85203528A50034104E /* SambharwalA_ShoppingListTests.xctest */ = {isa = PBXFileReference; explicitFileType = wrapper.cfbundle; includeInIndex = 0; path = SambharwalA_ShoppingListTests.xctest; sourceTree = BUILT_PRODUCTS_DIR; };
		94930C89203528A50034104E /* SambharwalA_ShoppingListTests.swift */ = {isa = PBXFileReference; lastKnownFileType = sourcecode.swift; path = SambharwalA_ShoppingListTests.swift; sourceTree = "<group>"; };
		94930C8B203528A50034104E /* Info.plist */ = {isa = PBXFileReference; lastKnownFileType = text.plist.xml; path = Info.plist; sourceTree = "<group>"; };
		94930C90203528A50034104E /* SambharwalA_ShoppingListUITests.xctest */ = {isa = PBXFileReference; explicitFileType = wrapper.cfbundle; includeInIndex = 0; path = SambharwalA_ShoppingListUITests.xctest; sourceTree = BUILT_PRODUCTS_DIR; };
		94930C94203528A50034104E /* SambharwalA_ShoppingListUITests.swift */ = {isa = PBXFileReference; lastKnownFileType = sourcecode.swift; path = SambharwalA_ShoppingListUITests.swift; sourceTree = "<group>"; };
		94930C96203528A50034104E /* Info.plist */ = {isa = PBXFileReference; lastKnownFileType = text.plist.xml; path = Info.plist; sourceTree = "<group>"; };
/* End PBXFileReference section */

/* Begin PBXFrameworksBuildPhase section */
		94930C6E203528A50034104E /* Frameworks */ = {
			isa = PBXFrameworksBuildPhase;
			buildActionMask = 2147483647;
			files = (
			);
			runOnlyForDeploymentPostprocessing = 0;
		};
		94930C82203528A50034104E /* Frameworks */ = {
			isa = PBXFrameworksBuildPhase;
			buildActionMask = 2147483647;
			files = (
			);
			runOnlyForDeploymentPostprocessing = 0;
		};
		94930C8D203528A50034104E /* Frameworks */ = {
			isa = PBXFrameworksBuildPhase;
			buildActionMask = 2147483647;
			files = (
			);
			runOnlyForDeploymentPostprocessing = 0;
		};
/* End PBXFrameworksBuildPhase section */

/* Begin PBXGroup section */
		94930C68203528A50034104E = {
			isa = PBXGroup;
			children = (
				94930C73203528A50034104E /* SambharwalA_ShoppingList */,
				94930C88203528A50034104E /* SambharwalA_ShoppingListTests */,
				94930C93203528A50034104E /* SambharwalA_ShoppingListUITests */,
				94930C72203528A50034104E /* Products */,
			);
			sourceTree = "<group>";
		};
		94930C72203528A50034104E /* Products */ = {
			isa = PBXGroup;
			children = (
				94930C71203528A50034104E /* SambharwalA_ShoppingList.app */,
				94930C85203528A50034104E /* SambharwalA_ShoppingListTests.xctest */,
				94930C90203528A50034104E /* SambharwalA_ShoppingListUITests.xctest */,
			);
			name = Products;
			sourceTree = "<group>";
		};
		94930C73203528A50034104E /* SambharwalA_ShoppingList */ = {
			isa = PBXGroup;
			children = (
				94930C74203528A50034104E /* AppDelegate.swift */,
				94930C76203528A50034104E /* ViewController.swift */,
				94930C78203528A50034104E /* Main.storyboard */,
				94930C7B203528A50034104E /* Assets.xcassets */,
				94930C7D203528A50034104E /* LaunchScreen.storyboard */,
				94930C80203528A50034104E /* Info.plist */,
			);
			path = SambharwalA_ShoppingList;
			sourceTree = "<group>";
		};
		94930C88203528A50034104E /* SambharwalA_ShoppingListTests */ = {
			isa = PBXGroup;
			children = (
				94930C89203528A50034104E /* SambharwalA_ShoppingListTests.swift */,
				94930C8B203528A50034104E /* Info.plist */,
			);
			path = SambharwalA_ShoppingListTests;
			sourceTree = "<group>";
		};
		94930C93203528A50034104E /* SambharwalA_ShoppingListUITests */ = {
			isa = PBXGroup;
			children = (
				94930C94203528A50034104E /* SambharwalA_ShoppingListUITests.swift */,
				94930C96203528A50034104E /* Info.plist */,
			);
			path = SambharwalA_ShoppingListUITests;
			sourceTree = "<group>";
		};
/* End PBXGroup section */

/* Begin PBXNativeTarget section */
		94930C70203528A50034104E /* SambharwalA_ShoppingList */ = {
			isa = PBXNativeTarget;
			buildConfigurationList = 94930C99203528A50034104E /* Build configuration list for PBXNativeTarget "SambharwalA_ShoppingList" */;
			buildPhases = (
				94930C6D203528A50034104E /* Sources */,
				94930C6E203528A50034104E /* Frameworks */,
				94930C6F203528A50034104E /* Resources */,
			);
			buildRules = (
			);
			dependencies = (
			);
			name = SambharwalA_ShoppingList;
			productName = SambharwalA_ShoppingList;
			productReference = 94930C71203528A50034104E /* SambharwalA_ShoppingList.app */;
			productType = "com.apple.product-type.application";
		};
		94930C84203528A50034104E /* SambharwalA_ShoppingListTests */ = {
			isa = PBXNativeTarget;
			buildConfigurationList = 94930C9C203528A50034104E /* Build configuration list for PBXNativeTarget "SambharwalA_ShoppingListTests" */;
			buildPhases = (
				94930C81203528A50034104E /* Sources */,
				94930C82203528A50034104E /* Frameworks */,
				94930C83203528A50034104E /* Resources */,
			);
			buildRules = (
			);
			dependencies = (
				94930C87203528A50034104E /* PBXTargetDependency */,
			);
			name = SambharwalA_ShoppingListTests;
			productName = SambharwalA_ShoppingListTests;
			productReference = 94930C85203528A50034104E /* SambharwalA_ShoppingListTests.xctest */;
			productType = "com.apple.product-type.bundle.unit-test";
		};
		94930C8F203528A50034104E /* SambharwalA_ShoppingListUITests */ = {
			isa = PBXNativeTarget;
			buildConfigurationList = 94930C9F203528A50034104E /* Build configuration list for PBXNativeTarget "SambharwalA_ShoppingListUITests" */;
			buildPhases = (
				94930C8C203528A50034104E /* Sources */,
				94930C8D203528A50034104E /* Frameworks */,
				94930C8E203528A50034104E /* Resources */,
			);
			buildRules = (
			);
			dependencies = (
				94930C92203528A50034104E /* PBXTargetDependency */,
			);
			name = SambharwalA_ShoppingListUITests;
			productName = SambharwalA_ShoppingListUITests;
			productReference = 94930C90203528A50034104E /* SambharwalA_ShoppingListUITests.xctest */;
			productType = "com.apple.product-type.bundle.ui-testing";
		};
/* End PBXNativeTarget section */

/* Begin PBXProject section */
		94930C69203528A50034104E /* Project object */ = {
			isa = PBXProject;
			attributes = {
				LastSwiftUpdateCheck = 0920;
				LastUpgradeCheck = 0920;
				ORGANIZATIONNAME = "Aashish Sambharwal";
				TargetAttributes = {
					94930C70203528A50034104E = {
						CreatedOnToolsVersion = 9.2;
						ProvisioningStyle = Automatic;
					};
					94930C84203528A50034104E = {
						CreatedOnToolsVersion = 9.2;
						ProvisioningStyle = Automatic;
						TestTargetID = 94930C70203528A50034104E;
					};
					94930C8F203528A50034104E = {
						CreatedOnToolsVersion = 9.2;
						ProvisioningStyle = Automatic;
						TestTargetID = 94930C70203528A50034104E;
					};
				};
			};
			buildConfigurationList = 94930C6C203528A50034104E /* Build configuration list for PBXProject "SambharwalA_ShoppingList" */;
			compatibilityVersion = "Xcode 8.0";
			developmentRegion = en;
			hasScannedForEncodings = 0;
			knownRegions = (
				en,
				Base,
			);
			mainGroup = 94930C68203528A50034104E;
			productRefGroup = 94930C72203528A50034104E /* Products */;
			projectDirPath = "";
			projectRoot = "";
			targets = (
				94930C70203528A50034104E /* SambharwalA_ShoppingList */,
				94930C84203528A50034104E /* SambharwalA_ShoppingListTests */,
				94930C8F203528A50034104E /* SambharwalA_ShoppingListUITests */,
			);
		};
/* End PBXProject section */

/* Begin PBXResourcesBuildPhase section */
		94930C6F203528A50034104E /* Resources */ = {
			isa = PBXResourcesBuildPhase;
			buildActionMask = 2147483647;
			files = (
				94930C7F203528A50034104E /* LaunchScreen.storyboard in Resources */,
				94930C7C203528A50034104E /* Assets.xcassets in Resources */,
				94930C7A203528A50034104E /* Main.storyboard in Resources */,
			);
			runOnlyForDeploymentPostprocessing = 0;
		};
		94930C83203528A50034104E /* Resources */ = {
			isa = PBXResourcesBuildPhase;
			buildActionMask = 2147483647;
			files = (
			);
			runOnlyForDeploymentPostprocessing = 0;
		};
		94930C8E203528A50034104E /* Resources */ = {
			isa = PBXResourcesBuildPhase;
			buildActionMask = 2147483647;
			files = (
			);
			runOnlyForDeploymentPostprocessing = 0;
		};
/* End PBXResourcesBuildPhase section */

/* Begin PBXSourcesBuildPhase section */
		94930C6D203528A50034104E /* Sources */ = {
			isa = PBXSourcesBuildPhase;
			buildActionMask = 2147483647;
			files = (
				94930C77203528A50034104E /* ViewController.swift in Sources */,
				94930C75203528A50034104E /* AppDelegate.swift in Sources */,
			);
			runOnlyForDeploymentPostprocessing = 0;
		};
		94930C81203528A50034104E /* Sources */ = {
			isa = PBXSourcesBuildPhase;
			buildActionMask = 2147483647;
			files = (
				94930C8A203528A50034104E /* SambharwalA_ShoppingListTests.swift in Sources */,
			);
			runOnlyForDeploymentPostprocessing = 0;
		};
		94930C8C203528A50034104E /* Sources */ = {
			isa = PBXSourcesBuildPhase;
			buildActionMask = 2147483647;
			files = (
				94930C95203528A50034104E /* SambharwalA_ShoppingListUITests.swift in Sources */,
			);
			runOnlyForDeploymentPostprocessing = 0;
		};
/* End PBXSourcesBuildPhase section */

/* Begin PBXTargetDependency section */
		94930C87203528A50034104E /* PBXTargetDependency */ = {
			isa = PBXTargetDependency;
			target = 94930C70203528A50034104E /* SambharwalA_ShoppingList */;
			targetProxy = 94930C86203528A50034104E /* PBXContainerItemProxy */;
		};
		94930C92203528A50034104E /* PBXTargetDependency */ = {
			isa = PBXTargetDependency;
			target = 94930C70203528A50034104E /* SambharwalA_ShoppingList */;
			targetProxy = 94930C91203528A50034104E /* PBXContainerItemProxy */;
		};
/* End PBXTargetDependency section */

/* Begin PBXVariantGroup section */
		94930C78203528A50034104E /* Main.storyboard */ = {
			isa = PBXVariantGroup;
			children = (
				94930C79203528A50034104E /* Base */,
			);
			name = Main.storyboard;
			sourceTree = "<group>";
		};
		94930C7D203528A50034104E /* LaunchScreen.storyboard */ = {
			isa = PBXVariantGroup;
			children = (
				94930C7E203528A50034104E /* Base */,
			);
			name = LaunchScreen.storyboard;
			sourceTree = "<group>";
		};
/* End PBXVariantGroup section */

/* Begin XCBuildConfiguration section */
		94930C97203528A50034104E /* Debug */ = {
			isa = XCBuildConfiguration;
			buildSettings = {
				ALWAYS_SEARCH_USER_PATHS = NO;
				CLANG_ANALYZER_NONNULL = YES;
				CLANG_ANALYZER_NUMBER_OBJECT_CONVERSION = YES_AGGRESSIVE;
				CLANG_CXX_LANGUAGE_STANDARD = "gnu++14";
				CLANG_CXX_LIBRARY = "libc++";
				CLANG_ENABLE_MODULES = YES;
				CLANG_ENABLE_OBJC_ARC = YES;
				CLANG_WARN_BLOCK_CAPTURE_AUTORELEASING = YES;
				CLANG_WARN_BOOL_CONVERSION = YES;
				CLANG_WARN_COMMA = YES;
				CLANG_WARN_CONSTANT_CONVERSION = YES;
				CLANG_WARN_DIRECT_OBJC_ISA_USAGE = YES_ERROR;
				CLANG_WARN_DOCUMENTATION_COMMENTS = YES;
				CLANG_WARN_EMPTY_BODY = YES;
				CLANG_WARN_ENUM_CONVERSION = YES;
				CLANG_WARN_INFINITE_RECURSION = YES;
				CLANG_WARN_INT_CONVERSION = YES;
				CLANG_WARN_NON_LITERAL_NULL_CONVERSION = YES;
				CLANG_WARN_OBJC_LITERAL_CONVERSION = YES;
				CLANG_WARN_OBJC_ROOT_CLASS = YES_ERROR;
				CLANG_WARN_RANGE_LOOP_ANALYSIS = YES;
				CLANG_WARN_STRICT_PROTOTYPES = YES;
				CLANG_WARN_SUSPICIOUS_MOVE = YES;
				CLANG_WARN_UNGUARDED_AVAILABILITY = YES_AGGRESSIVE;
				CLANG_WARN_UNREACHABLE_CODE = YES;
				CLANG_WARN__DUPLICATE_METHOD_MATCH = YES;
				CODE_SIGN_IDENTITY = "iPhone Developer";
				COPY_PHASE_STRIP = NO;
				DEBUG_INFORMATION_FORMAT = dwarf;
				ENABLE_STRICT_OBJC_MSGSEND = YES;
				ENABLE_TESTABILITY = YES;
				GCC_C_LANGUAGE_STANDARD = gnu11;
				GCC_DYNAMIC_NO_PIC = NO;
				GCC_NO_COMMON_BLOCKS = YES;
				GCC_OPTIMIZATION_LEVEL = 0;
				GCC_PREPROCESSOR_DEFINITIONS = (
					"DEBUG=1",
					"$(inherited)",
				);
				GCC_WARN_64_TO_32_BIT_CONVERSION = YES;
				GCC_WARN_ABOUT_RETURN_TYPE = YES_ERROR;
				GCC_WARN_UNDECLARED_SELECTOR = YES;
				GCC_WARN_UNINITIALIZED_AUTOS = YES_AGGRESSIVE;
				GCC_WARN_UNUSED_FUNCTION = YES;
				GCC_WARN_UNUSED_VARIABLE = YES;
				IPHONEOS_DEPLOYMENT_TARGET = 11.2;
				MTL_ENABLE_DEBUG_INFO = YES;
				ONLY_ACTIVE_ARCH = YES;
				SDKROOT = iphoneos;
				SWIFT_ACTIVE_COMPILATION_CONDITIONS = DEBUG;
				SWIFT_OPTIMIZATION_LEVEL = "-Onone";
			};
			name = Debug;
		};
		94930C98203528A50034104E /* Release */ = {
			isa = XCBuildConfiguration;
			buildSettings = {
				ALWAYS_SEARCH_USER_PATHS = NO;
				CLANG_ANALYZER_NONNULL = YES;
				CLANG_ANALYZER_NUMBER_OBJECT_CONVERSION = YES_AGGRESSIVE;
				CLANG_CXX_LANGUAGE_STANDARD = "gnu++14";
				CLANG_CXX_LIBRARY = "libc++";
				CLANG_ENABLE_MODULES = YES;
				CLANG_ENABLE_OBJC_ARC = YES;
				CLANG_WARN_BLOCK_CAPTURE_AUTORELEASING = YES;
				CLANG_WARN_BOOL_CONVERSION = YES;
				CLANG_WARN_COMMA = YES;
				CLANG_WARN_CONSTANT_CONVERSION = YES;
				CLANG_WARN_DIRECT_OBJC_ISA_USAGE = YES_ERROR;
				CLANG_WARN_DOCUMENTATION_COMMENTS = YES;
				CLANG_WARN_EMPTY_BODY = YES;
				CLANG_WARN_ENUM_CONVERSION = YES;
				CLANG_WARN_INFINITE_RECURSION = YES;
				CLANG_WARN_INT_CONVERSION = YES;
				CLANG_WARN_NON_LITERAL_NULL_CONVERSION = YES;
				CLANG_WARN_OBJC_LITERAL_CONVERSION = YES;
				CLANG_WARN_OBJC_ROOT_CLASS = YES_ERROR;
				CLANG_WARN_RANGE_LOOP_ANALYSIS = YES;
				CLANG_WARN_STRICT_PROTOTYPES = YES;
				CLANG_WARN_SUSPICIOUS_MOVE = YES;
				CLANG_WARN_UNGUARDED_AVAILABILITY = YES_AGGRESSIVE;
				CLANG_WARN_UNREACHABLE_CODE = YES;
				CLANG_WARN__DUPLICATE_METHOD_MATCH = YES;
				CODE_SIGN_IDENTITY = "iPhone Developer";
				COPY_PHASE_STRIP = NO;
				DEBUG_INFORMATION_FORMAT = "dwarf-with-dsym";
				ENABLE_NS_ASSERTIONS = NO;
				ENABLE_STRICT_OBJC_MSGSEND = YES;
				GCC_C_LANGUAGE_STANDARD = gnu11;
				GCC_NO_COMMON_BLOCKS = YES;
				GCC_WARN_64_TO_32_BIT_CONVERSION = YES;
				GCC_WARN_ABOUT_RETURN_TYPE = YES_ERROR;
				GCC_WARN_UNDECLARED_SELECTOR = YES;
				GCC_WARN_UNINITIALIZED_AUTOS = YES_AGGRESSIVE;
				GCC_WARN_UNUSED_FUNCTION = YES;
				GCC_WARN_UNUSED_VARIABLE = YES;
				IPHONEOS_DEPLOYMENT_TARGET = 11.2;
				MTL_ENABLE_DEBUG_INFO = NO;
				SDKROOT = iphoneos;
				SWIFT_OPTIMIZATION_LEVEL = "-Owholemodule";
				VALIDATE_PRODUCT = YES;
			};
			name = Release;
		};
		94930C9A203528A50034104E /* Debug */ = {
			isa = XCBuildConfiguration;
			buildSettings = {
				ASSETCATALOG_COMPILER_APPICON_NAME = AppIcon;
				CODE_SIGN_STYLE = Automatic;
				INFOPLIST_FILE = SambharwalA_ShoppingList/Info.plist;
				LD_RUNPATH_SEARCH_PATHS = "$(inherited) @executable_path/Frameworks";
				PRODUCT_BUNDLE_IDENTIFIER = "SambharwalA.SambharwalA-ShoppingList";
				PRODUCT_NAME = "$(TARGET_NAME)";
				SWIFT_VERSION = 4.0;
				TARGETED_DEVICE_FAMILY = "1,2";
			};
			name = Debug;
		};
		94930C9B203528A50034104E /* Release */ = {
			isa = XCBuildConfiguration;
			buildSettings = {
				ASSETCATALOG_COMPILER_APPICON_NAME = AppIcon;
				CODE_SIGN_STYLE = Automatic;
				INFOPLIST_FILE = SambharwalA_ShoppingList/Info.plist;
				LD_RUNPATH_SEARCH_PATHS = "$(inherited) @executable_path/Frameworks";
				PRODUCT_BUNDLE_IDENTIFIER = "SambharwalA.SambharwalA-ShoppingList";
				PRODUCT_NAME = "$(TARGET_NAME)";
				SWIFT_VERSION = 4.0;
				TARGETED_DEVICE_FAMILY = "1,2";
			};
			name = Release;
		};
		94930C9D203528A50034104E /* Debug */ = {
			isa = XCBuildConfiguration;
			buildSettings = {
				ALWAYS_EMBED_SWIFT_STANDARD_LIBRARIES = YES;
				BUNDLE_LOADER = "$(TEST_HOST)";
				CODE_SIGN_STYLE = Automatic;
				INFOPLIST_FILE = SambharwalA_ShoppingListTests/Info.plist;
				LD_RUNPATH_SEARCH_PATHS = "$(inherited) @executable_path/Frameworks @loader_path/Frameworks";
				PRODUCT_BUNDLE_IDENTIFIER = "SambharwalA.SambharwalA-ShoppingListTests";
				PRODUCT_NAME = "$(TARGET_NAME)";
				SWIFT_VERSION = 4.0;
				TARGETED_DEVICE_FAMILY = "1,2";
				TEST_HOST = "$(BUILT_PRODUCTS_DIR)/SambharwalA_ShoppingList.app/SambharwalA_ShoppingList";
			};
			name = Debug;
		};
		94930C9E203528A50034104E /* Release */ = {
			isa = XCBuildConfiguration;
			buildSettings = {
				ALWAYS_EMBED_SWIFT_STANDARD_LIBRARIES = YES;
				BUNDLE_LOADER = "$(TEST_HOST)";
				CODE_SIGN_STYLE = Automatic;
				INFOPLIST_FILE = SambharwalA_ShoppingListTests/Info.plist;
				LD_RUNPATH_SEARCH_PATHS = "$(inherited) @executable_path/Frameworks @loader_path/Frameworks";
				PRODUCT_BUNDLE_IDENTIFIER = "SambharwalA.SambharwalA-ShoppingListTests";
				PRODUCT_NAME = "$(TARGET_NAME)";
				SWIFT_VERSION = 4.0;
				TARGETED_DEVICE_FAMILY = "1,2";
				TEST_HOST = "$(BUILT_PRODUCTS_DIR)/SambharwalA_ShoppingList.app/SambharwalA_ShoppingList";
			};
			name = Release;
		};
		94930CA0203528A50034104E /* Debug */ = {
			isa = XCBuildConfiguration;
			buildSettings = {
				ALWAYS_EMBED_SWIFT_STANDARD_LIBRARIES = YES;
				CODE_SIGN_STYLE = Automatic;
				INFOPLIST_FILE = SambharwalA_ShoppingListUITests/Info.plist;
				LD_RUNPATH_SEARCH_PATHS = "$(inherited) @executable_path/Frameworks @loader_path/Frameworks";
				PRODUCT_BUNDLE_IDENTIFIER = "SambharwalA.SambharwalA-ShoppingListUITests";
				PRODUCT_NAME = "$(TARGET_NAME)";
				SWIFT_VERSION = 4.0;
				TARGETED_DEVICE_FAMILY = "1,2";
				TEST_TARGET_NAME = SambharwalA_ShoppingList;
			};
			name = Debug;
		};
		94930CA1203528A50034104E /* Release */ = {
			isa = XCBuildConfiguration;
			buildSettings = {
				ALWAYS_EMBED_SWIFT_STANDARD_LIBRARIES = YES;
				CODE_SIGN_STYLE = Automatic;
				INFOPLIST_FILE = SambharwalA_ShoppingListUITests/Info.plist;
				LD_RUNPATH_SEARCH_PATHS = "$(inherited) @executable_path/Frameworks @loader_path/Frameworks";
				PRODUCT_BUNDLE_IDENTIFIER = "SambharwalA.SambharwalA-ShoppingListUITests";
				PRODUCT_NAME = "$(TARGET_NAME)";
				SWIFT_VERSION = 4.0;
				TARGETED_DEVICE_FAMILY = "1,2";
				TEST_TARGET_NAME = SambharwalA_ShoppingList;
			};
			name = Release;
		};
/* End XCBuildConfiguration section */

/* Begin XCConfigurationList section */
		94930C6C203528A50034104E /* Build configuration list for PBXProject "SambharwalA_ShoppingList" */ = {
			isa = XCConfigurationList;
			buildConfigurations = (
				94930C97203528A50034104E /* Debug */,
				94930C98203528A50034104E /* Release */,
			);
			defaultConfigurationIsVisible = 0;
			defaultConfigurationName = Release;
		};
		94930C99203528A50034104E /* Build configuration list for PBXNativeTarget "SambharwalA_ShoppingList" */ = {
			isa = XCConfigurationList;
			buildConfigurations = (
				94930C9A203528A50034104E /* Debug */,
				94930C9B203528A50034104E /* Release */,
			);
			defaultConfigurationIsVisible = 0;
			defaultConfigurationName = Release;
		};
		94930C9C203528A50034104E /* Build configuration list for PBXNativeTarget "SambharwalA_ShoppingListTests" */ = {
			isa = XCConfigurationList;
			buildConfigurations = (
				94930C9D203528A50034104E /* Debug */,
				94930C9E203528A50034104E /* Release */,
			);
			defaultConfigurationIsVisible = 0;
			defaultConfigurationName = Release;
		};
		94930C9F203528A50034104E /* Build configuration list for PBXNativeTarget "SambharwalA_ShoppingListUITests" */ = {
			isa = XCConfigurationList;
			buildConfigurations = (
				94930CA0203528A50034104E /* Debug */,
				94930CA1203528A50034104E /* Release */,
			);
			defaultConfigurationIsVisible = 0;
			defaultConfigurationName = Release;
		};
/* End XCConfigurationList section */
	};
	rootObject = 94930C69203528A50034104E /* Project object */;
}
